
Microsoft Visual Studio Solution File, Format Version 12.00
# Visual Studio Version 17
VisualStudioVersion = 17.2.32616.157
MinimumVisualStudioVersion = 10.0.40219.1
Project("{FAE04EC0-301F-11D3-BF4B-00C04F79EFBC}") = "git git git", "git git git.csproj", "{2ED88833-BEDA-4253-8D55-FC29E40596EB}"
EndProject
Global
	GlobalSection(SolutionConfigurationPlatforms) = preSolution
		Debug|Any CPU = Debug|Any CPU
		Release|Any CPU = Release|Any CPU
	EndGlobalSection
	GlobalSection(ProjectConfigurationPlatforms) = postSolution
		{2ED88833-BEDA-4253-8D55-FC29E40596EB}.Debug|Any CPU.ActiveCfg = Debug|Any CPU
		{2ED88833-BEDA-4253-8D55-FC29E40596EB}.Debug|Any CPU.Build.0 = Debug|Any CPU
		{2ED88833-BEDA-4253-8D55-FC29E40596EB}.Release|Any CPU.ActiveCfg = Release|Any CPU
		{2ED88833-BEDA-4253-8D55-FC29E40596EB}.Release|Any CPU.Build.0 = Release|Any CPU
	EndGlobalSection
	GlobalSection(SolutionProperties) = preSolution
		HideSolutionNode = FALSE
	EndGlobalSection
	GlobalSection(ExtensibilityGlobals) = postSolution
		SolutionGuid = {8E41B6BD-429F-4431-AE8D-34A3A2CFD589}
	EndGlobalSection
EndGlobal
